lockVersion: 2.0.0
id: e7042734-e669-4c36-85da-bbb4a7500ac8
management:
  docChecksum: 831b44751bca6c2d3add461819fcbf1b
  docVersion: 0.1.0
  speakeasyVersion: 1.382.0
  generationVersion: 2.404.11
  releaseVersion: 0.4.1
  configChecksum: 79c4ce88bbcc57414afbe014a63d3382
features:
  python:
    additionalDependencies: 1.0.0
    constsAndDefaults: 1.0.2
    core: 5.4.1
    defaultEnabledRetries: 0.2.0
    deprecations: 3.0.0
    devContainers: 3.0.0
    envVarSecurityUsage: 0.3.1
    flattening: 3.0.0
    globalSecurity: 3.0.2
    globalSecurityCallbacks: 1.0.0
    globalSecurityFlattening: 1.0.0
    globalServerURLs: 3.0.0
    groups: 3.0.0
    ignores: 3.0.0
    multipartFileContentType: 1.0.0
    nameOverrides: 3.0.0
    nullables: 1.0.0
    pagination: 3.0.1
    responseFormat: 1.0.0
    retries: 3.0.0
    sdkHooks: 1.0.0
    unions: 3.0.2
    uploadStreams: 1.0.0
    webhooks: 2.0.0
generatedFiles:
  - src/polar/sdkconfiguration.py
  - src/polar/polar_benefits.py
  - src/polar/polar_orders.py
  - src/polar/polar_subscriptions.py
  - src/polar/polar_advertisements.py
  - src/polar/downloadables.py
  - src/polar/users.py
  - src/polar/external_organizations.py
  - src/polar/repositories.py
  - src/polar/organizations.py
  - src/polar/subscriptions.py
  - src/polar/articles.py
  - src/polar/advertisements.py
  - src/polar/clients.py
  - src/polar/oauth2.py
  - src/polar/benefits.py
  - src/polar/products.py
  - src/polar/orders.py
  - src/polar/checkouts.py
  - src/polar/files.py
  - src/polar/metrics_sdk.py
  - src/polar/sdk.py
  - .vscode/settings.json
  - poetry.toml
  - py.typed
  - pylintrc
  - pyproject.toml
  - scripts/compile.sh
  - scripts/prepare-readme.py
  - scripts/publish.sh
  - src/polar/__init__.py
  - src/polar/basesdk.py
  - src/polar/httpclient.py
  - src/polar/py.typed
  - src/polar/types/__init__.py
  - src/polar/types/basemodel.py
  - src/polar/utils/__init__.py
  - src/polar/utils/annotations.py
  - src/polar/utils/enums.py
  - src/polar/utils/eventstreaming.py
  - src/polar/utils/forms.py
  - src/polar/utils/headers.py
  - src/polar/utils/logger.py
  - src/polar/utils/metadata.py
  - src/polar/utils/queryparams.py
  - src/polar/utils/requestbodies.py
  - src/polar/utils/retries.py
  - src/polar/utils/security.py
  - src/polar/utils/serializers.py
  - src/polar/utils/url.py
  - src/polar/utils/values.py
  - src/polar/models/sdkerror.py
  - src/polar/models/users_benefits_listop.py
  - src/polar/models/listresource_annotated_union_benefitarticlessubscriber_benefitadssubscriber_benefitdiscordsubscriber_benefitcustomsubscriber_benefitgithubrepositorysubscriber_benefitdownloadablessubscriber_discriminator_mergejsonschema_.py
  - src/polar/models/pagination.py
  - src/polar/models/benefitarticlessubscriber.py
  - src/polar/models/benefitarticlessubscriberproperties.py
  - src/polar/models/benefitadssubscriber.py
  - src/polar/models/benefitgrantads.py
  - src/polar/models/benefitgrantadsproperties.py
  - src/polar/models/benefitadsproperties.py
  - src/polar/models/benefitdiscordsubscriber.py
  - src/polar/models/benefitdiscordsubscriberproperties.py
  - src/polar/models/benefitcustomsubscriber.py
  - src/polar/models/benefitcustomsubscriberproperties.py
  - src/polar/models/benefitgrant.py
  - src/polar/models/benefitgrantproperties.py
  - src/polar/models/benefitgithubrepositorysubscriber.py
  - src/polar/models/benefitgithubrepositorysubscriberproperties.py
  - src/polar/models/benefitdownloadablessubscriber.py
  - src/polar/models/benefitdownloadablessubscriberproperties.py
  - src/polar/models/httpvalidationerror.py
  - src/polar/models/validationerror.py
  - src/polar/models/userbenefitsortproperty.py
  - src/polar/models/benefittype.py
  - src/polar/models/users_benefits_getop.py
  - src/polar/models/resourcenotfound.py
  - src/polar/models/users_orders_listop.py
  - src/polar/models/listresource_userorder_.py
  - src/polar/models/userorder.py
  - src/polar/models/userordersubscription.py
  - src/polar/models/subscriptionstatus.py
  - src/polar/models/productprice_output.py
  - src/polar/models/productpricerecurring.py
  - src/polar/models/productpricerecurringinterval.py
  - src/polar/models/productpriceonetime.py
  - src/polar/models/userorderproduct.py
  - src/polar/models/productmediafileread_output.py
  - src/polar/models/benefitbase.py
  - src/polar/models/benefitarticles.py
  - src/polar/models/benefitarticlesproperties.py
  - src/polar/models/subscriptiontiertype.py
  - src/polar/models/userordersortproperty.py
  - src/polar/models/productpricetype.py
  - src/polar/models/users_orders_getop.py
  - src/polar/models/userorderinvoice.py
  - src/polar/models/users_orders_invoiceop.py
  - src/polar/models/users_subscriptions_listop.py
  - src/polar/models/listresource_usersubscription_.py
  - src/polar/models/usersubscription.py
  - src/polar/models/usersubscriptionproduct.py
  - src/polar/models/usersubscriptionsortproperty.py
  - src/polar/models/alreadysubscribed.py
  - src/polar/models/userfreesubscriptioncreate.py
  - src/polar/models/users_subscriptions_getop.py
  - src/polar/models/freesubscriptionupgrade.py
  - src/polar/models/users_subscriptions_updateop.py
  - src/polar/models/usersubscriptionupdate.py
  - src/polar/models/alreadycanceledsubscription.py
  - src/polar/models/users_subscriptions_cancelop.py
  - src/polar/models/users_advertisements_listop.py
  - src/polar/models/listresource_useradvertisementcampaign_.py
  - src/polar/models/useradvertisementcampaign.py
  - src/polar/models/useradvertisementsortproperty.py
  - src/polar/models/useradvertisementcampaigncreate.py
  - src/polar/models/users_advertisements_getop.py
  - src/polar/models/users_advertisements_updateop.py
  - src/polar/models/useradvertisementcampaignupdate.py
  - src/polar/models/users_advertisements_deleteop.py
  - src/polar/models/users_advertisements_enableop.py
  - src/polar/models/useradvertisementcampaignenable.py
  - src/polar/models/users_downloadables_listop.py
  - src/polar/models/listresource_downloadableread_.py
  - src/polar/models/downloadableread.py
  - src/polar/models/filedownload.py
  - src/polar/models/fileservicetypes.py
  - src/polar/models/s3downloadurl.py
  - src/polar/models/users_downloadables_getop.py
  - src/polar/models/external_organizations_listop.py
  - src/polar/models/listresource_externalorganization_.py
  - src/polar/models/externalorganization.py
  - src/polar/models/platforms.py
  - src/polar/models/externalorganizationsortproperty.py
  - src/polar/models/repositories_listop.py
  - src/polar/models/listresource_repository_.py
  - src/polar/models/repository_output.py
  - src/polar/models/repositoryprofilesettings.py
  - src/polar/models/repositorysortproperty.py
  - src/polar/models/repositories_getop.py
  - src/polar/models/notpermitted.py
  - src/polar/models/repositories_updateop.py
  - src/polar/models/repositoryupdate.py
  - src/polar/models/repositoryprofilesettingsupdate.py
  - src/polar/models/organizations_listop.py
  - src/polar/models/listresource_organization_.py
  - src/polar/models/organization_output.py
  - src/polar/models/organizationfeaturesettings.py
  - src/polar/models/organizationprofilesettings.py
  - src/polar/models/organizationsubscribepromotesettings.py
  - src/polar/models/organizationsortproperty.py
  - src/polar/models/organizationcreate.py
  - src/polar/models/organizations_getop.py
  - src/polar/models/organizations_updateop.py
  - src/polar/models/organizationupdate.py
  - src/polar/models/subscriptions_listop.py
  - src/polar/models/listresource_subscription_.py
  - src/polar/models/subscription_output.py
  - src/polar/models/product_output.py
  - src/polar/models/subscriptionuser.py
  - src/polar/models/subscriptionsortproperty.py
  - src/polar/models/subscriptioncreateemail.py
  - src/polar/models/subscriptionsimported.py
  - src/polar/models/body_subscriptions_import.py
  - src/polar/models/subscriptions_exportop.py
  - src/polar/models/articles_listop.py
  - src/polar/models/listresource_article_.py
  - src/polar/models/article.py
  - src/polar/models/articlevisibility.py
  - src/polar/models/bylineprofile.py
  - src/polar/models/articlecreate.py
  - src/polar/models/articles_getop.py
  - src/polar/models/articles_updateop.py
  - src/polar/models/articleupdate.py
  - src/polar/models/articlebyline.py
  - src/polar/models/articles_deleteop.py
  - src/polar/models/articlereceivers.py
  - src/polar/models/articles_receiversop.py
  - src/polar/models/articles_previewop.py
  - src/polar/models/articlepreview.py
  - src/polar/models/articles_sendop.py
  - src/polar/models/advertisements_listop.py
  - src/polar/models/advertisementcampaignlistresource.py
  - src/polar/models/advertisementcampaign.py
  - src/polar/models/advertisementsortproperty.py
  - src/polar/models/advertisements_getop.py
  - src/polar/models/tokenresponse.py
  - src/polar/models/oauth2_request_tokenop.py
  - src/polar/models/onev1_1oauth2_1token_post_x_components_authorizationcodetokenrequest.py
  - src/polar/models/onev1_1oauth2_1token_post_x_components_refreshtokenrequest.py
  - src/polar/models/revoketokenresponse.py
  - src/polar/models/oauth2_revoke_tokenop.py
  - src/polar/models/introspecttokenresponse.py
  - src/polar/models/subtype.py
  - src/polar/models/oauth2_introspect_tokenop.py
  - src/polar/models/oauth2_userinfoop.py
  - src/polar/models/userinfouser.py
  - src/polar/models/userinfoorganization.py
  - src/polar/models/oauth2_clients_listop.py
  - src/polar/models/listresource_oauth2client_.py
  - src/polar/models/oauth2client.py
  - src/polar/models/oauth2clientconfiguration.py
  - src/polar/models/oauth2_clients_oauth2_get_clientop.py
  - src/polar/models/oauth2_clients_oauth2_update_clientop.py
  - src/polar/models/oauth2clientconfigurationupdate.py
  - src/polar/models/oauth2_clients_oauth2_delete_clientop.py
  - src/polar/models/benefits_listop.py
  - src/polar/models/listresource_union_benefitarticles_benefitads_benefitcustom_benefitdiscord_benefitgithubrepository_benefitdownloadables_.py
  - src/polar/models/benefitads.py
  - src/polar/models/benefitcustom.py
  - src/polar/models/benefitcustomproperties.py
  - src/polar/models/benefitdiscord_output.py
  - src/polar/models/benefitdiscordproperties_output.py
  - src/polar/models/benefitgithubrepository.py
  - src/polar/models/benefitgithubrepositoryproperties.py
  - src/polar/models/benefitdownloadables.py
  - src/polar/models/benefitdownloadablesproperties.py
  - src/polar/models/benefits_createop.py
  - src/polar/models/benefitcustomcreate.py
  - src/polar/models/benefitadscreate.py
  - src/polar/models/benefitdiscordcreate.py
  - src/polar/models/benefitdiscordcreateproperties.py
  - src/polar/models/benefitgithubrepositorycreate.py
  - src/polar/models/benefitgithubrepositorycreateproperties.py
  - src/polar/models/benefitdownloadablescreate.py
  - src/polar/models/benefitdownloadablescreateproperties.py
  - src/polar/models/benefits_getop.py
  - src/polar/models/benefits_updateop.py
  - src/polar/models/benefitarticlesupdate.py
  - src/polar/models/benefitadsupdate.py
  - src/polar/models/benefitcustomupdate.py
  - src/polar/models/benefitdiscordupdate.py
  - src/polar/models/benefitgithubrepositoryupdate.py
  - src/polar/models/benefitdownloadablesupdate.py
  - src/polar/models/benefits_deleteop.py
  - src/polar/models/benefits_grantsop.py
  - src/polar/models/listresource_benefitgrant_.py
  - src/polar/models/products_listop.py
  - src/polar/models/listresource_product_.py
  - src/polar/models/products_createop.py
  - src/polar/models/productrecurringcreate.py
  - src/polar/models/productpricerecurringcreate.py
  - src/polar/models/productonetimecreate.py
  - src/polar/models/productpriceonetimecreate.py
  - src/polar/models/products_getop.py
  - src/polar/models/products_updateop.py
  - src/polar/models/productupdate.py
  - src/polar/models/existingproductprice.py
  - src/polar/models/products_update_benefitsop.py
  - src/polar/models/productbenefitsupdate.py
  - src/polar/models/orders_listop.py
  - src/polar/models/listresource_order_.py
  - src/polar/models/order_output.py
  - src/polar/models/ordersubscription.py
  - src/polar/models/orderproduct.py
  - src/polar/models/orderuser.py
  - src/polar/models/ordersortproperty.py
  - src/polar/models/orders_getop.py
  - src/polar/models/orderinvoice.py
  - src/polar/models/orders_invoiceop.py
  - src/polar/models/checkout.py
  - src/polar/models/checkoutcreate.py
  - src/polar/models/checkouts_getop.py
  - src/polar/models/files_listop.py
  - src/polar/models/listresource_annotated_union_downloadablefileread_productmediafileread_organizationavatarfileread_discriminator_mergejsonschema_.py
  - src/polar/models/downloadablefileread.py
  - src/polar/models/organizationavatarfileread.py
  - src/polar/models/fileupload.py
  - src/polar/models/s3fileuploadmultipart.py
  - src/polar/models/s3fileuploadpart.py
  - src/polar/models/files_createop.py
  - src/polar/models/downloadablefilecreate.py
  - src/polar/models/s3filecreatemultipart.py
  - src/polar/models/s3filecreatepart.py
  - src/polar/models/productmediafilecreate.py
  - src/polar/models/organizationavatarfilecreate.py
  - src/polar/models/files_uploadedop.py
  - src/polar/models/fileuploadcompleted.py
  - src/polar/models/s3fileuploadcompletedpart.py
  - src/polar/models/files_updateop.py
  - src/polar/models/filepatch.py
  - src/polar/models/filenotfound.py
  - src/polar/models/files_deleteop.py
  - src/polar/models/metricsresponse.py
  - src/polar/models/metrics.py
  - src/polar/models/metric.py
  - src/polar/models/metrictype.py
  - src/polar/models/metricperiod.py
  - src/polar/models/metrics_getop.py
  - src/polar/models/metricslimits.py
  - src/polar/models/metricsintervalslimits.py
  - src/polar/models/metricsintervallimit.py
  - src/polar/models/security.py
  - src/polar/models/webhookordercreatedpayload.py
  - src/polar/models/order_input.py
  - src/polar/models/productprice_input.py
  - src/polar/models/webhooksubscriptioncreatedpayload.py
  - src/polar/models/subscription_input.py
  - src/polar/models/product_input.py
  - src/polar/models/productmediafileread_input.py
  - src/polar/models/webhooksubscriptionupdatedpayload.py
  - src/polar/models/webhookproductcreatedpayload.py
  - src/polar/models/webhookproductupdatedpayload.py
  - src/polar/models/webhookpledgecreatedpayload.py
  - src/polar/models/pledge_input.py
  - src/polar/models/pledger.py
  - src/polar/models/issue_input.py
  - src/polar/models/repository_input.py
  - src/polar/models/funding.py
  - src/polar/models/currencyamount.py
  - src/polar/models/state.py
  - src/polar/models/reactions.py
  - src/polar/models/assignee.py
  - src/polar/models/author.py
  - src/polar/models/label.py
  - src/polar/models/pledgetype.py
  - src/polar/models/pledgestate.py
  - src/polar/models/webhookpledgeupdatedpayload.py
  - src/polar/models/webhookdonationcreatedpayload.py
  - src/polar/models/donation_input.py
  - src/polar/models/donationorganization.py
  - src/polar/models/donationuser.py
  - src/polar/models/webhookorganizationupdatedpayload.py
  - src/polar/models/organization_input.py
  - src/polar/models/webhookbenefitcreatedpayload.py
  - src/polar/models/benefitdiscord_input.py
  - src/polar/models/benefitdiscordproperties_input.py
  - src/polar/models/webhookbenefitupdatedpayload.py
  - src/polar/models/__init__.py
  - docs/models/benefittypefilter.md
  - docs/models/organizationidfilter.md
  - docs/models/orderidfilter.md
  - docs/models/subscriptionidfilter.md
  - docs/models/usersbenefitslistrequest.md
  - docs/models/usersbenefitslistresponse.md
  - docs/models/userbenefit.md
  - docs/models/listresourceannotatedunionbenefitarticlessubscriberbenefitadssubscriberbenefitdiscordsubscriberbenefitcustomsubscriberbenefitgithubrepositorysubscriberbenefitdownloadablessubscriberdiscriminatormergejsonschema.md
  - docs/models/pagination.md
  - docs/models/type.md
  - docs/models/benefitarticlessubscriber.md
  - docs/models/benefitarticlessubscriberproperties.md
  - docs/models/benefitadssubscribertype.md
  - docs/models/benefitadssubscriber.md
  - docs/models/benefitgrantads.md
  - docs/models/benefitgrantadsproperties.md
  - docs/models/benefitadsproperties.md
  - docs/models/benefitdiscordsubscribertype.md
  - docs/models/benefitdiscordsubscriber.md
  - docs/models/benefitdiscordsubscriberproperties.md
  - docs/models/benefitcustomsubscribertype.md
  - docs/models/benefitcustomsubscriber.md
  - docs/models/benefitcustomsubscriberproperties.md
  - docs/models/benefitgrant.md
  - docs/models/benefitgrantproperties.md
  - docs/models/benefitgithubrepositorysubscribertype.md
  - docs/models/benefitgithubrepositorysubscriber.md
  - docs/models/benefitgithubrepositorysubscriberproperties.md
  - docs/models/benefitdownloadablessubscribertype.md
  - docs/models/benefitdownloadablessubscriber.md
  - docs/models/benefitdownloadablessubscriberproperties.md
  - docs/models/httpvalidationerror.md
  - docs/models/loc.md
  - docs/models/validationerror.md
  - docs/models/userbenefitsortproperty.md
  - docs/models/benefittype.md
  - docs/models/usersbenefitsgetrequest.md
  - docs/models/usersbenefitsgetresponseusersbenefitsget.md
  - docs/models/resourcenotfoundtype.md
  - docs/models/resourcenotfound.md
  - docs/models/queryparamorganizationidfilter.md
  - docs/models/productidfilter.md
  - docs/models/productpricetypefilter.md
  - docs/models/queryparamsubscriptionidfilter.md
  - docs/models/usersorderslistrequest.md
  - docs/models/usersorderslistresponse.md
  - docs/models/listresourceuserorder.md
  - docs/models/userorder.md
  - docs/models/userordersubscription.md
  - docs/models/subscriptionstatus.md
  - docs/models/productpriceoutput.md
  - docs/models/productpricerecurringtype.md
  - docs/models/productpricerecurring.md
  - docs/models/productpricerecurringinterval.md
  - docs/models/productpriceonetimetype.md
  - docs/models/productpriceonetime.md
  - docs/models/benefitsmodel.md
  - docs/models/userorderproduct.md
  - docs/models/service.md
  - docs/models/productmediafilereadoutput.md
  - docs/models/benefitbase.md
  - docs/models/benefitarticlestype.md
  - docs/models/benefitarticles.md
  - docs/models/benefitarticlesproperties.md
  - docs/models/subscriptiontiertype.md
  - docs/models/userordersortproperty.md
  - docs/models/productpricetype.md
  - docs/models/usersordersgetrequest.md
  - docs/models/userorderinvoice.md
  - docs/models/usersordersinvoicerequest.md
  - docs/models/userssubscriptionslistqueryparamorganizationidfilter.md
  - docs/models/queryparamproductidfilter.md
  - docs/models/userssubscriptionslistrequest.md
  - docs/models/userssubscriptionslistresponse.md
  - docs/models/listresourceusersubscription.md
  - docs/models/usersubscription.md
  - docs/models/usersubscriptionproductbenefits.md
  - docs/models/usersubscriptionproduct.md
  - docs/models/usersubscriptionsortproperty.md
  - docs/models/alreadysubscribedtype.md
  - docs/models/alreadysubscribed.md
  - docs/models/userfreesubscriptioncreate.md
  - docs/models/userssubscriptionsgetrequest.md
  - docs/models/freesubscriptionupgradetype.md
  - docs/models/freesubscriptionupgrade.md
  - docs/models/userssubscriptionsupdaterequest.md
  - docs/models/usersubscriptionupdate.md
  - docs/models/alreadycanceledsubscriptiontype.md
  - docs/models/alreadycanceledsubscription.md
  - docs/models/userssubscriptionscancelrequest.md
  - docs/models/usersadvertisementslistrequest.md
  - docs/models/usersadvertisementslistresponse.md
  - docs/models/listresourceuseradvertisementcampaign.md
  - docs/models/useradvertisementcampaign.md
  - docs/models/useradvertisementsortproperty.md
  - docs/models/useradvertisementcampaigncreate.md
  - docs/models/usersadvertisementsgetrequest.md
  - docs/models/usersadvertisementsupdaterequest.md
  - docs/models/useradvertisementcampaignupdate.md
  - docs/models/usersadvertisementsdeleterequest.md
  - docs/models/usersadvertisementsenablerequest.md
  - docs/models/useradvertisementcampaignenable.md
  - docs/models/usersdownloadableslistqueryparamorganizationidfilter.md
  - docs/models/benefitidfilter.md
  - docs/models/usersdownloadableslistrequest.md
  - docs/models/usersdownloadableslistresponse.md
  - docs/models/listresourcedownloadableread.md
  - docs/models/downloadableread.md
  - docs/models/filedownload.md
  - docs/models/fileservicetypes.md
  - docs/models/s3downloadurl.md
  - docs/models/usersdownloadablesgetrequest.md
  - docs/models/platformfilter.md
  - docs/models/repositorynamefilter.md
  - docs/models/externalorganizationslistqueryparamorganizationidfilter.md
  - docs/models/externalorganizationslistrequest.md
  - docs/models/externalorganizationslistresponse.md
  - docs/models/listresourceexternalorganization.md
  - docs/models/externalorganization.md
  - docs/models/platforms.md
  - docs/models/externalorganizationsortproperty.md
  - docs/models/queryparamplatformfilter.md
  - docs/models/queryparamrepositorynamefilter.md
  - docs/models/externalorganizationnamefilter.md
  - docs/models/repositorieslistqueryparamorganizationidfilter.md
  - docs/models/repositorieslistrequest.md
  - docs/models/repositorieslistresponse.md
  - docs/models/listresourcerepository.md
  - docs/models/repositoryoutput.md
  - docs/models/repositoryprofilesettings.md
  - docs/models/repositorysortproperty.md
  - docs/models/repositoriesgetrequest.md
  - docs/models/notpermittedtype.md
  - docs/models/notpermitted.md
  - docs/models/repositoriesupdaterequest.md
  - docs/models/repositoryupdate.md
  - docs/models/repositoryprofilesettingsupdate.md
  - docs/models/organizationslistrequest.md
  - docs/models/organizationslistresponse.md
  - docs/models/listresourceorganization.md
  - docs/models/organizationoutput.md
  - docs/models/organizationfeaturesettings.md
  - docs/models/organizationprofilesettings.md
  - docs/models/organizationsubscribepromotesettings.md
  - docs/models/organizationsortproperty.md
  - docs/models/organizationcreate.md
  - docs/models/organizationsgetrequest.md
  - docs/models/organizationsupdaterequest.md
  - docs/models/organizationupdate.md
  - docs/models/subscriptionslistqueryparamorganizationidfilter.md
  - docs/models/subscriptionslistqueryparamproductidfilter.md
  - docs/models/subscriptiontiertypefilter.md
  - docs/models/subscriptionslistrequest.md
  - docs/models/subscriptionslistresponse.md
  - docs/models/listresourcesubscription.md
  - docs/models/subscriptionoutput.md
  - docs/models/productoutputbenefits.md
  - docs/models/productoutput.md
  - docs/models/subscriptionuser.md
  - docs/models/subscriptionsortproperty.md
  - docs/models/subscriptioncreateemail.md
  - docs/models/subscriptionsimported.md
  - docs/models/file.md
  - docs/models/bodysubscriptionsimport.md
  - docs/models/organizationid.md
  - docs/models/subscriptionsexportrequest.md
  - docs/models/articleslistqueryparamorganizationidfilter.md
  - docs/models/articlevisibilityfilter.md
  - docs/models/articleslistrequest.md
  - docs/models/articleslistresponse.md
  - docs/models/listresourcearticle.md
  - docs/models/article.md
  - docs/models/articlevisibility.md
  - docs/models/bylineprofile.md
  - docs/models/articlecreatearticlebyline.md
  - docs/models/articlecreatearticlevisibility.md
  - docs/models/articlecreate.md
  - docs/models/articlesgetrequest.md
  - docs/models/articlesupdaterequest.md
  - docs/models/articleupdate.md
  - docs/models/articlebyline.md
  - docs/models/articlesdeleterequest.md
  - docs/models/articlereceivers.md
  - docs/models/articlesreceiversrequest.md
  - docs/models/articlespreviewrequest.md
  - docs/models/articlepreview.md
  - docs/models/articlessendrequest.md
  - docs/models/advertisementslistrequest.md
  - docs/models/advertisementslistresponse.md
  - docs/models/advertisementcampaignlistresource.md
  - docs/models/advertisementcampaign.md
  - docs/models/advertisementsortproperty.md
  - docs/models/advertisementsgetrequest.md
  - docs/models/tokentype.md
  - docs/models/tokenresponse.md
  - docs/models/oauth2requesttokenrequestbody.md
  - docs/models/granttype.md
  - docs/models/onev11oauth21tokenpostxcomponentsauthorizationcodetokenrequest.md
  - docs/models/onev11oauth21tokenpostxcomponentsrefreshtokenrequestgranttype.md
  - docs/models/onev11oauth21tokenpostxcomponentsrefreshtokenrequest.md
  - docs/models/revoketokenresponse.md
  - docs/models/tokentypehint.md
  - docs/models/oauth2revoketokenrevoketokenrequest.md
  - docs/models/introspecttokenresponsetokentype.md
  - docs/models/introspecttokenresponse.md
  - docs/models/subtype.md
  - docs/models/oauth2introspecttokentokentypehint.md
  - docs/models/oauth2introspecttokenintrospecttokenrequest.md
  - docs/models/oauth2userinforesponseoauth2userinfo.md
  - docs/models/userinfouser.md
  - docs/models/userinfoorganization.md
  - docs/models/oauth2clientslistrequest.md
  - docs/models/oauth2clientslistresponse.md
  - docs/models/listresourceoauth2client.md
  - docs/models/tokenendpointauthmethod.md
  - docs/models/granttypes.md
  - docs/models/responsetypes.md
  - docs/models/oauth2client.md
  - docs/models/oauth2clientconfigurationtokenendpointauthmethod.md
  - docs/models/oauth2clientconfigurationgranttypes.md
  - docs/models/oauth2clientconfigurationresponsetypes.md
  - docs/models/oauth2clientconfiguration.md
  - docs/models/oauth2clientsoauth2getclientrequest.md
  - docs/models/oauth2clientsoauth2updateclientrequest.md
  - docs/models/oauth2clientconfigurationupdatetokenendpointauthmethod.md
  - docs/models/oauth2clientconfigurationupdategranttypes.md
  - docs/models/oauth2clientconfigurationupdateresponsetypes.md
  - docs/models/oauth2clientconfigurationupdate.md
  - docs/models/oauth2clientsoauth2deleteclientrequest.md
  - docs/models/benefitslistqueryparamorganizationidfilter.md
  - docs/models/queryparambenefittypefilter.md
  - docs/models/benefitslistrequest.md
  - docs/models/benefitslistresponse.md
  - docs/models/items.md
  - docs/models/listresourceunionbenefitarticlesbenefitadsbenefitcustombenefitdiscordbenefitgithubrepositorybenefitdownloadables.md
  - docs/models/benefitadstype.md
  - docs/models/benefitads.md
  - docs/models/benefitcustomtype.md
  - docs/models/benefitcustom.md
  - docs/models/benefitcustomproperties.md
  - docs/models/benefitdiscordoutputtype.md
  - docs/models/benefitdiscordoutput.md
  - docs/models/benefitdiscordpropertiesoutput.md
  - docs/models/benefitgithubrepositorytype.md
  - docs/models/benefitgithubrepository.md
  - docs/models/permission.md
  - docs/models/benefitgithubrepositoryproperties.md
  - docs/models/benefitdownloadablestype.md
  - docs/models/benefitdownloadables.md
  - docs/models/benefitdownloadablesproperties.md
  - docs/models/benefitscreatebenefitcreate.md
  - docs/models/benefitscreateresponsebenefitscreate.md
  - docs/models/benefitcustomcreatetype.md
  - docs/models/benefitcustomcreate.md
  - docs/models/benefitadscreatetype.md
  - docs/models/benefitadscreate.md
  - docs/models/benefitdiscordcreatetype.md
  - docs/models/benefitdiscordcreate.md
  - docs/models/benefitdiscordcreateproperties.md
  - docs/models/benefitgithubrepositorycreatetype.md
  - docs/models/benefitgithubrepositorycreate.md
  - docs/models/benefitgithubrepositorycreatepropertiespermission.md
  - docs/models/benefitgithubrepositorycreateproperties.md
  - docs/models/benefitdownloadablescreatetype.md
  - docs/models/benefitdownloadablescreate.md
  - docs/models/benefitdownloadablescreateproperties.md
  - docs/models/benefitsgetrequest.md
  - docs/models/benefitsgetresponsebenefitsget.md
  - docs/models/benefitsupdatebenefitupdate.md
  - docs/models/benefitsupdaterequest.md
  - docs/models/benefitsupdateresponsebenefitsupdate.md
  - docs/models/benefitarticlesupdatetype.md
  - docs/models/benefitarticlesupdate.md
  - docs/models/benefitadsupdatetype.md
  - docs/models/benefitadsupdate.md
  - docs/models/benefitcustomupdatetype.md
  - docs/models/benefitcustomupdate.md
  - docs/models/benefitdiscordupdatetype.md
  - docs/models/benefitdiscordupdate.md
  - docs/models/benefitgithubrepositoryupdatetype.md
  - docs/models/benefitgithubrepositoryupdate.md
  - docs/models/benefitdownloadablesupdatetype.md
  - docs/models/benefitdownloadablesupdate.md
  - docs/models/benefitsdeleterequest.md
  - docs/models/benefitsgrantsrequest.md
  - docs/models/benefitsgrantsresponse.md
  - docs/models/listresourcebenefitgrant.md
  - docs/models/productslistqueryparamorganizationidfilter.md
  - docs/models/queryparambenefitidfilter.md
  - docs/models/queryparamsubscriptiontiertypefilter.md
  - docs/models/productslistrequest.md
  - docs/models/productslistresponse.md
  - docs/models/listresourceproduct.md
  - docs/models/productscreateproductcreate.md
  - docs/models/productrecurringcreatetype.md
  - docs/models/productrecurringcreate.md
  - docs/models/productpricerecurringcreatetype.md
  - docs/models/productpricerecurringcreate.md
  - docs/models/productonetimecreate.md
  - docs/models/productpriceonetimecreatetype.md
  - docs/models/productpriceonetimecreate.md
  - docs/models/productsgetrequest.md
  - docs/models/productsupdaterequest.md
  - docs/models/prices.md
  - docs/models/productupdate.md
  - docs/models/existingproductprice.md
  - docs/models/productsupdatebenefitsrequest.md
  - docs/models/productbenefitsupdate.md
  - docs/models/orderslistqueryparamorganizationidfilter.md
  - docs/models/orderslistqueryparamproductidfilter.md
  - docs/models/queryparamproductpricetypefilter.md
  - docs/models/useridfilter.md
  - docs/models/orderslistrequest.md
  - docs/models/orderslistresponse.md
  - docs/models/listresourceorder.md
  - docs/models/orderoutput.md
  - docs/models/ordersubscription.md
  - docs/models/orderproduct.md
  - docs/models/orderuser.md
  - docs/models/ordersortproperty.md
  - docs/models/ordersgetrequest.md
  - docs/models/orderinvoice.md
  - docs/models/ordersinvoicerequest.md
  - docs/models/checkout.md
  - docs/models/checkoutcreate.md
  - docs/models/checkoutsgetrequest.md
  - docs/models/fileslistrequest.md
  - docs/models/fileslistresponse.md
  - docs/models/fileread.md
  - docs/models/listresourceannotateduniondownloadablefilereadproductmediafilereadorganizationavatarfilereaddiscriminatormergejsonschema.md
  - docs/models/downloadablefilereadservice.md
  - docs/models/downloadablefileread.md
  - docs/models/organizationavatarfilereadservice.md
  - docs/models/organizationavatarfileread.md
  - docs/models/fileupload.md
  - docs/models/s3fileuploadmultipart.md
  - docs/models/s3fileuploadpart.md
  - docs/models/filescreatefilecreate.md
  - docs/models/downloadablefilecreateservice.md
  - docs/models/downloadablefilecreate.md
  - docs/models/s3filecreatemultipart.md
  - docs/models/s3filecreatepart.md
  - docs/models/productmediafilecreateservice.md
  - docs/models/productmediafilecreate.md
  - docs/models/organizationavatarfilecreateservice.md
  - docs/models/organizationavatarfilecreate.md
  - docs/models/filesuploadedrequest.md
  - docs/models/filesuploadedresponsefilesuploaded.md
  - docs/models/fileuploadcompleted.md
  - docs/models/s3fileuploadcompletedpart.md
  - docs/models/filesupdaterequest.md
  - docs/models/filesupdateresponsefilesupdate.md
  - docs/models/filepatch.md
  - docs/models/filenotfoundtype.md
  - docs/models/filenotfound.md
  - docs/models/filesdeleterequest.md
  - docs/models/metricsresponse.md
  - docs/models/metrics.md
  - docs/models/metric.md
  - docs/models/metrictype.md
  - docs/models/metricperiod.md
  - docs/models/interval.md
  - docs/models/metricsgetqueryparamorganizationidfilter.md
  - docs/models/metricsgetqueryparamproductidfilter.md
  - docs/models/metricsgetqueryparamproductpricetypefilter.md
  - docs/models/metricsgetrequest.md
  - docs/models/metricslimits.md
  - docs/models/metricsintervalslimits.md
  - docs/models/metricsintervallimit.md
  - docs/models/security.md
  - docs/models/webhookordercreatedpayloadtype.md
  - docs/models/webhookordercreatedpayload.md
  - docs/models/orderinput.md
  - docs/models/productpriceinput.md
  - docs/models/webhooksubscriptioncreatedpayloadtype.md
  - docs/models/webhooksubscriptioncreatedpayload.md
  - docs/models/subscriptioninput.md
  - docs/models/productinputbenefits.md
  - docs/models/productinput.md
  - docs/models/productmediafilereadinputservice.md
  - docs/models/productmediafilereadinput.md
  - docs/models/webhooksubscriptionupdatedpayloadtype.md
  - docs/models/webhooksubscriptionupdatedpayload.md
  - docs/models/webhookproductcreatedpayloadtype.md
  - docs/models/webhookproductcreatedpayload.md
  - docs/models/webhookproductupdatedpayloadtype.md
  - docs/models/webhookproductupdatedpayload.md
  - docs/models/webhookpledgecreatedpayloadtype.md
  - docs/models/webhookpledgecreatedpayload.md
  - docs/models/pledgeinput.md
  - docs/models/pledger.md
  - docs/models/issueinput.md
  - docs/models/repositoryinput.md
  - docs/models/funding.md
  - docs/models/currencyamount.md
  - docs/models/state.md
  - docs/models/reactions.md
  - docs/models/assignee.md
  - docs/models/author.md
  - docs/models/label.md
  - docs/models/pledgetype.md
  - docs/models/pledgestate.md
  - docs/models/webhookpledgeupdatedpayloadtype.md
  - docs/models/webhookpledgeupdatedpayload.md
  - docs/models/webhookdonationcreatedpayloadtype.md
  - docs/models/webhookdonationcreatedpayload.md
  - docs/models/donor.md
  - docs/models/donationinput.md
  - docs/models/donationorganization.md
  - docs/models/donationuser.md
  - docs/models/webhookorganizationupdatedpayloadtype.md
  - docs/models/webhookorganizationupdatedpayload.md
  - docs/models/organizationinput.md
  - docs/models/webhookbenefitcreatedpayloadtype.md
  - docs/models/data.md
  - docs/models/webhookbenefitcreatedpayload.md
  - docs/models/benefitdiscordinputtype.md
  - docs/models/benefitdiscordinput.md
  - docs/models/benefitdiscordpropertiesinput.md
  - docs/models/webhookbenefitupdatedpayloadtype.md
  - docs/models/webhookbenefitupdatedpayloaddata.md
  - docs/models/webhookbenefitupdatedpayload.md
  - docs/sdks/polar/README.md
  - docs/sdks/users/README.md
  - docs/models/utils/retryconfig.md
  - docs/sdks/polarbenefits/README.md
  - docs/sdks/polarorders/README.md
  - docs/sdks/polarsubscriptions/README.md
  - docs/sdks/polaradvertisements/README.md
  - docs/sdks/downloadables/README.md
  - docs/sdks/externalorganizations/README.md
  - docs/sdks/repositories/README.md
  - docs/sdks/organizations/README.md
  - docs/sdks/subscriptions/README.md
  - docs/sdks/articles/README.md
  - docs/sdks/advertisements/README.md
  - docs/sdks/oauth2/README.md
  - docs/sdks/clients/README.md
  - docs/sdks/benefits/README.md
  - docs/sdks/products/README.md
  - docs/sdks/orders/README.md
  - docs/sdks/checkouts/README.md
  - docs/sdks/files/README.md
  - docs/sdks/metricssdk/README.md
  - USAGE.md
  - .gitattributes
  - .devcontainer/README.md
  - .devcontainer/devcontainer.json
  - .devcontainer/setup.sh
  - src/polar/_hooks/sdkhooks.py
  - src/polar/_hooks/types.py
  - src/polar/_hooks/__init__.py
  - CONTRIBUTING.md
