lockVersion: 2.0.0
id: e7042734-e669-4c36-85da-bbb4a7500ac8
management:
  docChecksum: ccf6cf52448c805fbd9b71f221c9e844
  docVersion: 0.1.0
  speakeasyVersion: 1.381.4
  generationVersion: 2.404.9
  releaseVersion: 0.1.0
  configChecksum: f05fd5aadedb912d5a4482e75ce3e960
features:
  python:
    additionalDependencies: 1.0.0
    constsAndDefaults: 1.0.2
    core: 5.4.1
    defaultEnabledRetries: 0.2.0
    deprecations: 3.0.0
    devContainers: 3.0.0
    envVarSecurityUsage: 0.3.1
    flattening: 3.0.0
    globalSecurity: 3.0.2
    globalSecurityCallbacks: 1.0.0
    globalSecurityFlattening: 1.0.0
    globalServerURLs: 3.0.0
    groups: 3.0.0
    ignores: 3.0.0
    methodSecurity: 3.0.0
    multipartFileContentType: 1.0.0
    nameOverrides: 3.0.0
    nullables: 1.0.0
    pagination: 3.0.1
    responseFormat: 1.0.0
    retries: 3.0.0
    sdkHooks: 1.0.0
    unions: 3.0.2
    uploadStreams: 1.0.0
    webhooks: 2.0.0
generatedFiles:
  - src/polar_sh/sdkconfiguration.py
  - src/polar_sh/polar_benefits.py
  - src/polar_sh/polar_orders.py
  - src/polar_sh/polar_subscriptions.py
  - src/polar_sh/polar_advertisements.py
  - src/polar_sh/downloadables.py
  - src/polar_sh/users.py
  - src/polar_sh/external_organizations.py
  - src/polar_sh/repositories.py
  - src/polar_sh/organizations.py
  - src/polar_sh/subscriptions.py
  - src/polar_sh/articles.py
  - src/polar_sh/advertisements.py
  - src/polar_sh/clients.py
  - src/polar_sh/oauth2.py
  - src/polar_sh/benefits.py
  - src/polar_sh/products.py
  - src/polar_sh/orders.py
  - src/polar_sh/checkouts.py
  - src/polar_sh/files.py
  - src/polar_sh/metrics_sdk.py
  - src/polar_sh/sdk.py
  - .vscode/settings.json
  - poetry.toml
  - py.typed
  - pylintrc
  - pyproject.toml
  - scripts/compile.sh
  - scripts/prepare-readme.py
  - scripts/publish.sh
  - src/polar_sh/__init__.py
  - src/polar_sh/basesdk.py
  - src/polar_sh/httpclient.py
  - src/polar_sh/py.typed
  - src/polar_sh/types/__init__.py
  - src/polar_sh/types/basemodel.py
  - src/polar_sh/utils/__init__.py
  - src/polar_sh/utils/annotations.py
  - src/polar_sh/utils/enums.py
  - src/polar_sh/utils/eventstreaming.py
  - src/polar_sh/utils/forms.py
  - src/polar_sh/utils/headers.py
  - src/polar_sh/utils/logger.py
  - src/polar_sh/utils/metadata.py
  - src/polar_sh/utils/queryparams.py
  - src/polar_sh/utils/requestbodies.py
  - src/polar_sh/utils/retries.py
  - src/polar_sh/utils/security.py
  - src/polar_sh/utils/serializers.py
  - src/polar_sh/utils/url.py
  - src/polar_sh/utils/values.py
  - src/polar_sh/models/sdkerror.py
  - src/polar_sh/models/users_benefits_listop.py
  - src/polar_sh/models/listresource_annotated_union_benefitarticlessubscriber_benefitadssubscriber_benefitdiscordsubscriber_benefitcustomsubscriber_benefitgithubrepositorysubscriber_benefitdownloadablessubscriber_discriminator_mergejsonschema_.py
  - src/polar_sh/models/pagination.py
  - src/polar_sh/models/benefitarticlessubscriber.py
  - src/polar_sh/models/benefitarticlessubscriberproperties.py
  - src/polar_sh/models/benefitadssubscriber.py
  - src/polar_sh/models/benefitgrantads.py
  - src/polar_sh/models/benefitgrantadsproperties.py
  - src/polar_sh/models/benefitadsproperties.py
  - src/polar_sh/models/benefitdiscordsubscriber.py
  - src/polar_sh/models/benefitdiscordsubscriberproperties.py
  - src/polar_sh/models/benefitcustomsubscriber.py
  - src/polar_sh/models/benefitcustomsubscriberproperties.py
  - src/polar_sh/models/benefitgrant.py
  - src/polar_sh/models/benefitgrantproperties.py
  - src/polar_sh/models/benefitgithubrepositorysubscriber.py
  - src/polar_sh/models/benefitgithubrepositorysubscriberproperties.py
  - src/polar_sh/models/benefitdownloadablessubscriber.py
  - src/polar_sh/models/benefitdownloadablessubscriberproperties.py
  - src/polar_sh/models/httpvalidationerror.py
  - src/polar_sh/models/validationerror.py
  - src/polar_sh/models/userbenefitsortproperty.py
  - src/polar_sh/models/benefittype.py
  - src/polar_sh/models/users_benefits_getop.py
  - src/polar_sh/models/resourcenotfound.py
  - src/polar_sh/models/users_orders_listop.py
  - src/polar_sh/models/listresource_userorder_.py
  - src/polar_sh/models/userorder.py
  - src/polar_sh/models/userordersubscription.py
  - src/polar_sh/models/subscriptionstatus.py
  - src/polar_sh/models/productprice_output.py
  - src/polar_sh/models/productpricerecurring.py
  - src/polar_sh/models/productpricerecurringinterval.py
  - src/polar_sh/models/productpriceonetime.py
  - src/polar_sh/models/userorderproduct.py
  - src/polar_sh/models/productmediafileread_output.py
  - src/polar_sh/models/benefitbase.py
  - src/polar_sh/models/benefitarticles.py
  - src/polar_sh/models/benefitarticlesproperties.py
  - src/polar_sh/models/subscriptiontiertype.py
  - src/polar_sh/models/userordersortproperty.py
  - src/polar_sh/models/productpricetype.py
  - src/polar_sh/models/users_orders_getop.py
  - src/polar_sh/models/userorderinvoice.py
  - src/polar_sh/models/users_orders_invoiceop.py
  - src/polar_sh/models/users_subscriptions_listop.py
  - src/polar_sh/models/listresource_usersubscription_.py
  - src/polar_sh/models/usersubscription.py
  - src/polar_sh/models/usersubscriptionproduct.py
  - src/polar_sh/models/usersubscriptionsortproperty.py
  - src/polar_sh/models/alreadysubscribed.py
  - src/polar_sh/models/userfreesubscriptioncreate.py
  - src/polar_sh/models/users_subscriptions_createop.py
  - src/polar_sh/models/users_subscriptions_getop.py
  - src/polar_sh/models/alreadycanceledsubscription.py
  - src/polar_sh/models/users_subscriptions_cancelop.py
  - src/polar_sh/models/freesubscriptionupgrade.py
  - src/polar_sh/models/users_subscriptions_updateop.py
  - src/polar_sh/models/usersubscriptionupdate.py
  - src/polar_sh/models/users_advertisements_listop.py
  - src/polar_sh/models/listresource_useradvertisementcampaign_.py
  - src/polar_sh/models/useradvertisementcampaign.py
  - src/polar_sh/models/useradvertisementsortproperty.py
  - src/polar_sh/models/useradvertisementcampaigncreate.py
  - src/polar_sh/models/users_advertisements_createop.py
  - src/polar_sh/models/users_advertisements_getop.py
  - src/polar_sh/models/users_advertisements_deleteop.py
  - src/polar_sh/models/users_advertisements_updateop.py
  - src/polar_sh/models/useradvertisementcampaignupdate.py
  - src/polar_sh/models/users_advertisements_enableop.py
  - src/polar_sh/models/useradvertisementcampaignenable.py
  - src/polar_sh/models/users_downloadables_listop.py
  - src/polar_sh/models/listresource_downloadableread_.py
  - src/polar_sh/models/downloadableread.py
  - src/polar_sh/models/filedownload.py
  - src/polar_sh/models/fileservicetypes.py
  - src/polar_sh/models/s3downloadurl.py
  - src/polar_sh/models/users_downloadables_getop.py
  - src/polar_sh/models/external_organizations_listop.py
  - src/polar_sh/models/listresource_externalorganization_.py
  - src/polar_sh/models/externalorganization.py
  - src/polar_sh/models/platforms.py
  - src/polar_sh/models/externalorganizationsortproperty.py
  - src/polar_sh/models/repositories_listop.py
  - src/polar_sh/models/listresource_repository_.py
  - src/polar_sh/models/repository_output.py
  - src/polar_sh/models/repositoryprofilesettings.py
  - src/polar_sh/models/repositorysortproperty.py
  - src/polar_sh/models/repositories_getop.py
  - src/polar_sh/models/notpermitted.py
  - src/polar_sh/models/repositories_updateop.py
  - src/polar_sh/models/repositoryupdate.py
  - src/polar_sh/models/repositoryprofilesettingsupdate.py
  - src/polar_sh/models/organizations_listop.py
  - src/polar_sh/models/listresource_organization_.py
  - src/polar_sh/models/organization_output.py
  - src/polar_sh/models/organizationfeaturesettings.py
  - src/polar_sh/models/organizationprofilesettings.py
  - src/polar_sh/models/organizationsubscribepromotesettings.py
  - src/polar_sh/models/organizationsortproperty.py
  - src/polar_sh/models/organizationcreate.py
  - src/polar_sh/models/organizations_createop.py
  - src/polar_sh/models/organizations_getop.py
  - src/polar_sh/models/organizations_updateop.py
  - src/polar_sh/models/organizationupdate.py
  - src/polar_sh/models/subscriptions_listop.py
  - src/polar_sh/models/listresource_subscription_.py
  - src/polar_sh/models/subscription_output.py
  - src/polar_sh/models/product_output.py
  - src/polar_sh/models/subscriptionuser.py
  - src/polar_sh/models/subscriptionsortproperty.py
  - src/polar_sh/models/subscriptioncreateemail.py
  - src/polar_sh/models/subscriptions_createop.py
  - src/polar_sh/models/subscriptionsimported.py
  - src/polar_sh/models/body_subscriptions_import.py
  - src/polar_sh/models/subscriptions_importop.py
  - src/polar_sh/models/subscriptions_exportop.py
  - src/polar_sh/models/articles_listop.py
  - src/polar_sh/models/listresource_article_.py
  - src/polar_sh/models/article.py
  - src/polar_sh/models/articlevisibility.py
  - src/polar_sh/models/bylineprofile.py
  - src/polar_sh/models/articlecreate.py
  - src/polar_sh/models/articles_createop.py
  - src/polar_sh/models/articles_getop.py
  - src/polar_sh/models/articles_deleteop.py
  - src/polar_sh/models/articles_updateop.py
  - src/polar_sh/models/articleupdate.py
  - src/polar_sh/models/articlebyline.py
  - src/polar_sh/models/articlereceivers.py
  - src/polar_sh/models/articles_receiversop.py
  - src/polar_sh/models/articles_previewop.py
  - src/polar_sh/models/articlepreview.py
  - src/polar_sh/models/articles_sendop.py
  - src/polar_sh/models/advertisements_listop.py
  - src/polar_sh/models/advertisementcampaignlistresource.py
  - src/polar_sh/models/advertisementcampaign.py
  - src/polar_sh/models/advertisementsortproperty.py
  - src/polar_sh/models/advertisements_getop.py
  - src/polar_sh/models/oauth2_authorizeop.py
  - src/polar_sh/models/authorizeresponseuser.py
  - src/polar_sh/models/scope.py
  - src/polar_sh/models/authorizeuser.py
  - src/polar_sh/models/oauth2clientpublic.py
  - src/polar_sh/models/authorizeresponseorganization.py
  - src/polar_sh/models/authorizeorganization.py
  - src/polar_sh/models/tokenresponse.py
  - src/polar_sh/models/oauth2_request_tokenop.py
  - src/polar_sh/models/onev1_1oauth2_1token_post_x_components_authorizationcodetokenrequest.py
  - src/polar_sh/models/onev1_1oauth2_1token_post_x_components_refreshtokenrequest.py
  - src/polar_sh/models/revoketokenresponse.py
  - src/polar_sh/models/oauth2_revoke_tokenop.py
  - src/polar_sh/models/introspecttokenresponse.py
  - src/polar_sh/models/subtype.py
  - src/polar_sh/models/oauth2_introspect_tokenop.py
  - src/polar_sh/models/oauth2_userinfoop.py
  - src/polar_sh/models/userinfouser.py
  - src/polar_sh/models/userinfoorganization.py
  - src/polar_sh/models/oauth2_clients_listop.py
  - src/polar_sh/models/listresource_oauth2client_.py
  - src/polar_sh/models/oauth2client.py
  - src/polar_sh/models/oauth2clientconfiguration.py
  - src/polar_sh/models/oauth2_clients_oauth2_create_clientop.py
  - src/polar_sh/models/oauth2_clients_oauth2_get_clientop.py
  - src/polar_sh/models/oauth2_clients_oauth2_update_clientop.py
  - src/polar_sh/models/oauth2clientconfigurationupdate.py
  - src/polar_sh/models/oauth2_clients_oauth2_delete_clientop.py
  - src/polar_sh/models/benefits_listop.py
  - src/polar_sh/models/listresource_union_benefitarticles_benefitads_benefitcustom_benefitdiscord_benefitgithubrepository_benefitdownloadables_.py
  - src/polar_sh/models/benefitads.py
  - src/polar_sh/models/benefitcustom.py
  - src/polar_sh/models/benefitcustomproperties.py
  - src/polar_sh/models/benefitdiscord_output.py
  - src/polar_sh/models/benefitdiscordproperties_output.py
  - src/polar_sh/models/benefitgithubrepository.py
  - src/polar_sh/models/benefitgithubrepositoryproperties.py
  - src/polar_sh/models/benefitdownloadables.py
  - src/polar_sh/models/benefitdownloadablesproperties.py
  - src/polar_sh/models/benefits_createop.py
  - src/polar_sh/models/benefitcustomcreate.py
  - src/polar_sh/models/benefitadscreate.py
  - src/polar_sh/models/benefitdiscordcreate.py
  - src/polar_sh/models/benefitdiscordcreateproperties.py
  - src/polar_sh/models/benefitgithubrepositorycreate.py
  - src/polar_sh/models/benefitgithubrepositorycreateproperties.py
  - src/polar_sh/models/benefitdownloadablescreate.py
  - src/polar_sh/models/benefitdownloadablescreateproperties.py
  - src/polar_sh/models/benefits_getop.py
  - src/polar_sh/models/benefits_deleteop.py
  - src/polar_sh/models/benefits_updateop.py
  - src/polar_sh/models/benefitarticlesupdate.py
  - src/polar_sh/models/benefitadsupdate.py
  - src/polar_sh/models/benefitcustomupdate.py
  - src/polar_sh/models/benefitdiscordupdate.py
  - src/polar_sh/models/benefitgithubrepositoryupdate.py
  - src/polar_sh/models/benefitdownloadablesupdate.py
  - src/polar_sh/models/benefits_grantsop.py
  - src/polar_sh/models/listresource_benefitgrant_.py
  - src/polar_sh/models/products_listop.py
  - src/polar_sh/models/listresource_product_.py
  - src/polar_sh/models/products_createop.py
  - src/polar_sh/models/productrecurringcreate.py
  - src/polar_sh/models/productpricerecurringcreate.py
  - src/polar_sh/models/productonetimecreate.py
  - src/polar_sh/models/productpriceonetimecreate.py
  - src/polar_sh/models/products_getop.py
  - src/polar_sh/models/products_updateop.py
  - src/polar_sh/models/productupdate.py
  - src/polar_sh/models/existingproductprice.py
  - src/polar_sh/models/products_update_benefitsop.py
  - src/polar_sh/models/productbenefitsupdate.py
  - src/polar_sh/models/orders_listop.py
  - src/polar_sh/models/listresource_order_.py
  - src/polar_sh/models/order_output.py
  - src/polar_sh/models/ordersubscription.py
  - src/polar_sh/models/orderproduct.py
  - src/polar_sh/models/orderuser.py
  - src/polar_sh/models/ordersortproperty.py
  - src/polar_sh/models/orders_getop.py
  - src/polar_sh/models/orderinvoice.py
  - src/polar_sh/models/orders_invoiceop.py
  - src/polar_sh/models/checkout.py
  - src/polar_sh/models/checkoutcreate.py
  - src/polar_sh/models/checkouts_createop.py
  - src/polar_sh/models/checkouts_getop.py
  - src/polar_sh/models/files_listop.py
  - src/polar_sh/models/listresource_annotated_union_downloadablefileread_productmediafileread_organizationavatarfileread_discriminator_mergejsonschema_.py
  - src/polar_sh/models/downloadablefileread.py
  - src/polar_sh/models/organizationavatarfileread.py
  - src/polar_sh/models/fileupload.py
  - src/polar_sh/models/s3fileuploadmultipart.py
  - src/polar_sh/models/s3fileuploadpart.py
  - src/polar_sh/models/files_createop.py
  - src/polar_sh/models/downloadablefilecreate.py
  - src/polar_sh/models/s3filecreatemultipart.py
  - src/polar_sh/models/s3filecreatepart.py
  - src/polar_sh/models/productmediafilecreate.py
  - src/polar_sh/models/organizationavatarfilecreate.py
  - src/polar_sh/models/files_uploadedop.py
  - src/polar_sh/models/fileuploadcompleted.py
  - src/polar_sh/models/s3fileuploadcompletedpart.py
  - src/polar_sh/models/filenotfound.py
  - src/polar_sh/models/files_deleteop.py
  - src/polar_sh/models/files_updateop.py
  - src/polar_sh/models/filepatch.py
  - src/polar_sh/models/metricsresponse.py
  - src/polar_sh/models/metrics.py
  - src/polar_sh/models/metric.py
  - src/polar_sh/models/metrictype.py
  - src/polar_sh/models/metricperiod.py
  - src/polar_sh/models/metrics_getop.py
  - src/polar_sh/models/metricslimits.py
  - src/polar_sh/models/metricsintervalslimits.py
  - src/polar_sh/models/metricsintervallimit.py
  - src/polar_sh/models/metrics_limitsop.py
  - src/polar_sh/models/security.py
  - src/polar_sh/models/webhookordercreatedpayload.py
  - src/polar_sh/models/order_input.py
  - src/polar_sh/models/productprice_input.py
  - src/polar_sh/models/webhooksubscriptioncreatedpayload.py
  - src/polar_sh/models/subscription_input.py
  - src/polar_sh/models/product_input.py
  - src/polar_sh/models/productmediafileread_input.py
  - src/polar_sh/models/webhooksubscriptionupdatedpayload.py
  - src/polar_sh/models/webhookproductcreatedpayload.py
  - src/polar_sh/models/webhookproductupdatedpayload.py
  - src/polar_sh/models/webhookpledgecreatedpayload.py
  - src/polar_sh/models/pledge_input.py
  - src/polar_sh/models/pledger.py
  - src/polar_sh/models/issue_input.py
  - src/polar_sh/models/repository_input.py
  - src/polar_sh/models/funding.py
  - src/polar_sh/models/currencyamount.py
  - src/polar_sh/models/state.py
  - src/polar_sh/models/reactions.py
  - src/polar_sh/models/assignee.py
  - src/polar_sh/models/author.py
  - src/polar_sh/models/label.py
  - src/polar_sh/models/pledgetype.py
  - src/polar_sh/models/pledgestate.py
  - src/polar_sh/models/webhookpledgeupdatedpayload.py
  - src/polar_sh/models/webhookdonationcreatedpayload.py
  - src/polar_sh/models/donation_input.py
  - src/polar_sh/models/donationorganization.py
  - src/polar_sh/models/donationuser.py
  - src/polar_sh/models/webhookorganizationupdatedpayload.py
  - src/polar_sh/models/organization_input.py
  - src/polar_sh/models/webhookbenefitcreatedpayload.py
  - src/polar_sh/models/benefitdiscord_input.py
  - src/polar_sh/models/benefitdiscordproperties_input.py
  - src/polar_sh/models/webhookbenefitupdatedpayload.py
  - src/polar_sh/models/__init__.py
  - docs/models/usersbenefitslistsecurity.md
  - docs/models/benefittypefilter.md
  - docs/models/organizationidfilter.md
  - docs/models/orderidfilter.md
  - docs/models/subscriptionidfilter.md
  - docs/models/usersbenefitslistrequest.md
  - docs/models/usersbenefitslistresponse.md
  - docs/models/userbenefit.md
  - docs/models/listresourceannotatedunionbenefitarticlessubscriberbenefitadssubscriberbenefitdiscordsubscriberbenefitcustomsubscriberbenefitgithubrepositorysubscriberbenefitdownloadablessubscriberdiscriminatormergejsonschema.md
  - docs/models/pagination.md
  - docs/models/type.md
  - docs/models/benefitarticlessubscriber.md
  - docs/models/benefitarticlessubscriberproperties.md
  - docs/models/benefitadssubscribertype.md
  - docs/models/benefitadssubscriber.md
  - docs/models/benefitgrantads.md
  - docs/models/benefitgrantadsproperties.md
  - docs/models/benefitadsproperties.md
  - docs/models/benefitdiscordsubscribertype.md
  - docs/models/benefitdiscordsubscriber.md
  - docs/models/benefitdiscordsubscriberproperties.md
  - docs/models/benefitcustomsubscribertype.md
  - docs/models/benefitcustomsubscriber.md
  - docs/models/benefitcustomsubscriberproperties.md
  - docs/models/benefitgrant.md
  - docs/models/benefitgrantproperties.md
  - docs/models/benefitgithubrepositorysubscribertype.md
  - docs/models/benefitgithubrepositorysubscriber.md
  - docs/models/benefitgithubrepositorysubscriberproperties.md
  - docs/models/benefitdownloadablessubscribertype.md
  - docs/models/benefitdownloadablessubscriber.md
  - docs/models/benefitdownloadablessubscriberproperties.md
  - docs/models/httpvalidationerror.md
  - docs/models/loc.md
  - docs/models/validationerror.md
  - docs/models/userbenefitsortproperty.md
  - docs/models/benefittype.md
  - docs/models/usersbenefitsgetsecurity.md
  - docs/models/usersbenefitsgetrequest.md
  - docs/models/usersbenefitsgetresponseusersbenefitsget.md
  - docs/models/resourcenotfoundtype.md
  - docs/models/resourcenotfound.md
  - docs/models/usersorderslistsecurity.md
  - docs/models/queryparamorganizationidfilter.md
  - docs/models/productidfilter.md
  - docs/models/productpricetypefilter.md
  - docs/models/queryparamsubscriptionidfilter.md
  - docs/models/usersorderslistrequest.md
  - docs/models/usersorderslistresponse.md
  - docs/models/listresourceuserorder.md
  - docs/models/userorder.md
  - docs/models/userordersubscription.md
  - docs/models/subscriptionstatus.md
  - docs/models/productpriceoutput.md
  - docs/models/productpricerecurringtype.md
  - docs/models/productpricerecurring.md
  - docs/models/productpricerecurringinterval.md
  - docs/models/productpriceonetimetype.md
  - docs/models/productpriceonetime.md
  - docs/models/benefitsmodel.md
  - docs/models/userorderproduct.md
  - docs/models/service.md
  - docs/models/productmediafilereadoutput.md
  - docs/models/benefitbase.md
  - docs/models/benefitarticlestype.md
  - docs/models/benefitarticles.md
  - docs/models/benefitarticlesproperties.md
  - docs/models/subscriptiontiertype.md
  - docs/models/userordersortproperty.md
  - docs/models/productpricetype.md
  - docs/models/usersordersgetsecurity.md
  - docs/models/usersordersgetrequest.md
  - docs/models/userorderinvoice.md
  - docs/models/usersordersinvoicesecurity.md
  - docs/models/usersordersinvoicerequest.md
  - docs/models/userssubscriptionslistsecurity.md
  - docs/models/userssubscriptionslistqueryparamorganizationidfilter.md
  - docs/models/queryparamproductidfilter.md
  - docs/models/userssubscriptionslistrequest.md
  - docs/models/userssubscriptionslistresponse.md
  - docs/models/listresourceusersubscription.md
  - docs/models/usersubscription.md
  - docs/models/usersubscriptionproductbenefits.md
  - docs/models/usersubscriptionproduct.md
  - docs/models/usersubscriptionsortproperty.md
  - docs/models/alreadysubscribedtype.md
  - docs/models/alreadysubscribed.md
  - docs/models/userfreesubscriptioncreate.md
  - docs/models/userssubscriptionscreatesecurity.md
  - docs/models/userssubscriptionsgetsecurity.md
  - docs/models/userssubscriptionsgetrequest.md
  - docs/models/alreadycanceledsubscriptiontype.md
  - docs/models/alreadycanceledsubscription.md
  - docs/models/userssubscriptionscancelsecurity.md
  - docs/models/userssubscriptionscancelrequest.md
  - docs/models/freesubscriptionupgradetype.md
  - docs/models/freesubscriptionupgrade.md
  - docs/models/userssubscriptionsupdatesecurity.md
  - docs/models/userssubscriptionsupdaterequest.md
  - docs/models/usersubscriptionupdate.md
  - docs/models/usersadvertisementslistsecurity.md
  - docs/models/usersadvertisementslistrequest.md
  - docs/models/usersadvertisementslistresponse.md
  - docs/models/listresourceuseradvertisementcampaign.md
  - docs/models/useradvertisementcampaign.md
  - docs/models/useradvertisementsortproperty.md
  - docs/models/useradvertisementcampaigncreate.md
  - docs/models/usersadvertisementscreatesecurity.md
  - docs/models/usersadvertisementsgetsecurity.md
  - docs/models/usersadvertisementsgetrequest.md
  - docs/models/usersadvertisementsdeletesecurity.md
  - docs/models/usersadvertisementsdeleterequest.md
  - docs/models/usersadvertisementsupdatesecurity.md
  - docs/models/usersadvertisementsupdaterequest.md
  - docs/models/useradvertisementcampaignupdate.md
  - docs/models/usersadvertisementsenablesecurity.md
  - docs/models/usersadvertisementsenablerequest.md
  - docs/models/useradvertisementcampaignenable.md
  - docs/models/usersdownloadableslistsecurity.md
  - docs/models/usersdownloadableslistqueryparamorganizationidfilter.md
  - docs/models/benefitidfilter.md
  - docs/models/usersdownloadableslistrequest.md
  - docs/models/usersdownloadableslistresponse.md
  - docs/models/listresourcedownloadableread.md
  - docs/models/downloadableread.md
  - docs/models/filedownload.md
  - docs/models/fileservicetypes.md
  - docs/models/s3downloadurl.md
  - docs/models/usersdownloadablesgetsecurity.md
  - docs/models/usersdownloadablesgetrequest.md
  - docs/models/externalorganizationslistsecurity.md
  - docs/models/platformfilter.md
  - docs/models/repositorynamefilter.md
  - docs/models/externalorganizationslistqueryparamorganizationidfilter.md
  - docs/models/externalorganizationslistrequest.md
  - docs/models/externalorganizationslistresponse.md
  - docs/models/listresourceexternalorganization.md
  - docs/models/externalorganization.md
  - docs/models/platforms.md
  - docs/models/externalorganizationsortproperty.md
  - docs/models/repositorieslistsecurity.md
  - docs/models/queryparamplatformfilter.md
  - docs/models/queryparamrepositorynamefilter.md
  - docs/models/externalorganizationnamefilter.md
  - docs/models/repositorieslistqueryparamorganizationidfilter.md
  - docs/models/repositorieslistrequest.md
  - docs/models/repositorieslistresponse.md
  - docs/models/listresourcerepository.md
  - docs/models/repositoryoutput.md
  - docs/models/repositoryprofilesettings.md
  - docs/models/repositorysortproperty.md
  - docs/models/repositoriesgetsecurity.md
  - docs/models/repositoriesgetrequest.md
  - docs/models/notpermittedtype.md
  - docs/models/notpermitted.md
  - docs/models/repositoriesupdatesecurity.md
  - docs/models/repositoriesupdaterequest.md
  - docs/models/repositoryupdate.md
  - docs/models/repositoryprofilesettingsupdate.md
  - docs/models/organizationslistsecurity.md
  - docs/models/organizationslistrequest.md
  - docs/models/organizationslistresponse.md
  - docs/models/listresourceorganization.md
  - docs/models/organizationoutput.md
  - docs/models/organizationfeaturesettings.md
  - docs/models/organizationprofilesettings.md
  - docs/models/organizationsubscribepromotesettings.md
  - docs/models/organizationsortproperty.md
  - docs/models/organizationcreate.md
  - docs/models/organizationscreatesecurity.md
  - docs/models/organizationsgetsecurity.md
  - docs/models/organizationsgetrequest.md
  - docs/models/organizationsupdatesecurity.md
  - docs/models/organizationsupdaterequest.md
  - docs/models/organizationupdate.md
  - docs/models/subscriptionslistsecurity.md
  - docs/models/subscriptionslistqueryparamorganizationidfilter.md
  - docs/models/subscriptionslistqueryparamproductidfilter.md
  - docs/models/subscriptiontiertypefilter.md
  - docs/models/subscriptionslistrequest.md
  - docs/models/subscriptionslistresponse.md
  - docs/models/listresourcesubscription.md
  - docs/models/subscriptionoutput.md
  - docs/models/productoutputbenefits.md
  - docs/models/productoutput.md
  - docs/models/subscriptionuser.md
  - docs/models/subscriptionsortproperty.md
  - docs/models/subscriptioncreateemail.md
  - docs/models/subscriptionscreatesecurity.md
  - docs/models/subscriptionsimported.md
  - docs/models/file.md
  - docs/models/bodysubscriptionsimport.md
  - docs/models/subscriptionsimportsecurity.md
  - docs/models/subscriptionsexportsecurity.md
  - docs/models/organizationid.md
  - docs/models/subscriptionsexportrequest.md
  - docs/models/articleslistsecurity.md
  - docs/models/articleslistqueryparamorganizationidfilter.md
  - docs/models/articlevisibilityfilter.md
  - docs/models/articleslistrequest.md
  - docs/models/articleslistresponse.md
  - docs/models/listresourcearticle.md
  - docs/models/article.md
  - docs/models/articlevisibility.md
  - docs/models/bylineprofile.md
  - docs/models/articlecreatearticlebyline.md
  - docs/models/articlecreatearticlevisibility.md
  - docs/models/articlecreate.md
  - docs/models/articlescreatesecurity.md
  - docs/models/articlesgetsecurity.md
  - docs/models/articlesgetrequest.md
  - docs/models/articlesdeletesecurity.md
  - docs/models/articlesdeleterequest.md
  - docs/models/articlesupdatesecurity.md
  - docs/models/articlesupdaterequest.md
  - docs/models/articleupdate.md
  - docs/models/articlebyline.md
  - docs/models/articlereceivers.md
  - docs/models/articlesreceiverssecurity.md
  - docs/models/articlesreceiversrequest.md
  - docs/models/articlespreviewsecurity.md
  - docs/models/articlespreviewrequest.md
  - docs/models/articlepreview.md
  - docs/models/articlessendsecurity.md
  - docs/models/articlessendrequest.md
  - docs/models/advertisementslistrequest.md
  - docs/models/advertisementslistresponse.md
  - docs/models/advertisementcampaignlistresource.md
  - docs/models/advertisementcampaign.md
  - docs/models/advertisementsortproperty.md
  - docs/models/advertisementsgetrequest.md
  - docs/models/oauth2authorizesecurity.md
  - docs/models/oauth2authorizeresponseoauth2authorize.md
  - docs/models/authorizeresponseusersubtype.md
  - docs/models/authorizeresponseuser.md
  - docs/models/scope.md
  - docs/models/authorizeuser.md
  - docs/models/oauth2clientpublic.md
  - docs/models/authorizeresponseorganizationsubtype.md
  - docs/models/authorizeresponseorganization.md
  - docs/models/authorizeorganization.md
  - docs/models/tokentype.md
  - docs/models/tokenresponse.md
  - docs/models/oauth2requesttokenrequestbody.md
  - docs/models/granttype.md
  - docs/models/onev11oauth21tokenpostxcomponentsauthorizationcodetokenrequest.md
  - docs/models/onev11oauth21tokenpostxcomponentsrefreshtokenrequestgranttype.md
  - docs/models/onev11oauth21tokenpostxcomponentsrefreshtokenrequest.md
  - docs/models/revoketokenresponse.md
  - docs/models/tokentypehint.md
  - docs/models/oauth2revoketokenrevoketokenrequest.md
  - docs/models/introspecttokenresponsetokentype.md
  - docs/models/introspecttokenresponse.md
  - docs/models/subtype.md
  - docs/models/oauth2introspecttokentokentypehint.md
  - docs/models/oauth2introspecttokenintrospecttokenrequest.md
  - docs/models/oauth2userinforesponseoauth2userinfo.md
  - docs/models/userinfouser.md
  - docs/models/userinfoorganization.md
  - docs/models/oauth2clientslistsecurity.md
  - docs/models/oauth2clientslistrequest.md
  - docs/models/oauth2clientslistresponse.md
  - docs/models/listresourceoauth2client.md
  - docs/models/tokenendpointauthmethod.md
  - docs/models/granttypes.md
  - docs/models/responsetypes.md
  - docs/models/oauth2client.md
  - docs/models/oauth2clientconfigurationtokenendpointauthmethod.md
  - docs/models/oauth2clientconfigurationgranttypes.md
  - docs/models/oauth2clientconfigurationresponsetypes.md
  - docs/models/oauth2clientconfiguration.md
  - docs/models/oauth2clientsoauth2createclientsecurity.md
  - docs/models/oauth2clientsoauth2getclientsecurity.md
  - docs/models/oauth2clientsoauth2getclientrequest.md
  - docs/models/oauth2clientsoauth2updateclientsecurity.md
  - docs/models/oauth2clientsoauth2updateclientrequest.md
  - docs/models/oauth2clientconfigurationupdatetokenendpointauthmethod.md
  - docs/models/oauth2clientconfigurationupdategranttypes.md
  - docs/models/oauth2clientconfigurationupdateresponsetypes.md
  - docs/models/oauth2clientconfigurationupdate.md
  - docs/models/oauth2clientsoauth2deleteclientsecurity.md
  - docs/models/oauth2clientsoauth2deleteclientrequest.md
  - docs/models/benefitslistsecurity.md
  - docs/models/benefitslistqueryparamorganizationidfilter.md
  - docs/models/queryparambenefittypefilter.md
  - docs/models/benefitslistrequest.md
  - docs/models/benefitslistresponse.md
  - docs/models/items.md
  - docs/models/listresourceunionbenefitarticlesbenefitadsbenefitcustombenefitdiscordbenefitgithubrepositorybenefitdownloadables.md
  - docs/models/benefitadstype.md
  - docs/models/benefitads.md
  - docs/models/benefitcustomtype.md
  - docs/models/benefitcustom.md
  - docs/models/benefitcustomproperties.md
  - docs/models/benefitdiscordoutputtype.md
  - docs/models/benefitdiscordoutput.md
  - docs/models/benefitdiscordpropertiesoutput.md
  - docs/models/benefitgithubrepositorytype.md
  - docs/models/benefitgithubrepository.md
  - docs/models/permission.md
  - docs/models/benefitgithubrepositoryproperties.md
  - docs/models/benefitdownloadablestype.md
  - docs/models/benefitdownloadables.md
  - docs/models/benefitdownloadablesproperties.md
  - docs/models/benefitscreatesecurity.md
  - docs/models/benefitscreatebenefitcreate.md
  - docs/models/benefitscreateresponsebenefitscreate.md
  - docs/models/benefitcustomcreatetype.md
  - docs/models/benefitcustomcreate.md
  - docs/models/benefitadscreatetype.md
  - docs/models/benefitadscreate.md
  - docs/models/benefitdiscordcreatetype.md
  - docs/models/benefitdiscordcreate.md
  - docs/models/benefitdiscordcreateproperties.md
  - docs/models/benefitgithubrepositorycreatetype.md
  - docs/models/benefitgithubrepositorycreate.md
  - docs/models/benefitgithubrepositorycreatepropertiespermission.md
  - docs/models/benefitgithubrepositorycreateproperties.md
  - docs/models/benefitdownloadablescreatetype.md
  - docs/models/benefitdownloadablescreate.md
  - docs/models/benefitdownloadablescreateproperties.md
  - docs/models/benefitsgetsecurity.md
  - docs/models/benefitsgetrequest.md
  - docs/models/benefitsgetresponsebenefitsget.md
  - docs/models/benefitsdeletesecurity.md
  - docs/models/benefitsdeleterequest.md
  - docs/models/benefitsupdatesecurity.md
  - docs/models/benefitsupdatebenefitupdate.md
  - docs/models/benefitsupdaterequest.md
  - docs/models/benefitsupdateresponsebenefitsupdate.md
  - docs/models/benefitarticlesupdatetype.md
  - docs/models/benefitarticlesupdate.md
  - docs/models/benefitadsupdatetype.md
  - docs/models/benefitadsupdate.md
  - docs/models/benefitcustomupdatetype.md
  - docs/models/benefitcustomupdate.md
  - docs/models/benefitdiscordupdatetype.md
  - docs/models/benefitdiscordupdate.md
  - docs/models/benefitgithubrepositoryupdatetype.md
  - docs/models/benefitgithubrepositoryupdate.md
  - docs/models/benefitdownloadablesupdatetype.md
  - docs/models/benefitdownloadablesupdate.md
  - docs/models/benefitsgrantssecurity.md
  - docs/models/benefitsgrantsrequest.md
  - docs/models/benefitsgrantsresponse.md
  - docs/models/listresourcebenefitgrant.md
  - docs/models/productslistsecurity.md
  - docs/models/productslistqueryparamorganizationidfilter.md
  - docs/models/queryparambenefitidfilter.md
  - docs/models/queryparamsubscriptiontiertypefilter.md
  - docs/models/productslistrequest.md
  - docs/models/productslistresponse.md
  - docs/models/listresourceproduct.md
  - docs/models/productscreatesecurity.md
  - docs/models/productscreateproductcreate.md
  - docs/models/productrecurringcreatetype.md
  - docs/models/productrecurringcreate.md
  - docs/models/productpricerecurringcreatetype.md
  - docs/models/productpricerecurringcreate.md
  - docs/models/productonetimecreate.md
  - docs/models/productpriceonetimecreatetype.md
  - docs/models/productpriceonetimecreate.md
  - docs/models/productsgetsecurity.md
  - docs/models/productsgetrequest.md
  - docs/models/productsupdatesecurity.md
  - docs/models/productsupdaterequest.md
  - docs/models/prices.md
  - docs/models/productupdate.md
  - docs/models/existingproductprice.md
  - docs/models/productsupdatebenefitssecurity.md
  - docs/models/productsupdatebenefitsrequest.md
  - docs/models/productbenefitsupdate.md
  - docs/models/orderslistsecurity.md
  - docs/models/orderslistqueryparamorganizationidfilter.md
  - docs/models/orderslistqueryparamproductidfilter.md
  - docs/models/queryparamproductpricetypefilter.md
  - docs/models/useridfilter.md
  - docs/models/orderslistrequest.md
  - docs/models/orderslistresponse.md
  - docs/models/listresourceorder.md
  - docs/models/orderoutput.md
  - docs/models/ordersubscription.md
  - docs/models/orderproduct.md
  - docs/models/orderuser.md
  - docs/models/ordersortproperty.md
  - docs/models/ordersgetsecurity.md
  - docs/models/ordersgetrequest.md
  - docs/models/orderinvoice.md
  - docs/models/ordersinvoicesecurity.md
  - docs/models/ordersinvoicerequest.md
  - docs/models/checkout.md
  - docs/models/checkoutcreate.md
  - docs/models/checkoutscreatesecurity.md
  - docs/models/checkoutsgetrequest.md
  - docs/models/fileslistsecurity.md
  - docs/models/fileslistrequest.md
  - docs/models/fileslistresponse.md
  - docs/models/fileread.md
  - docs/models/listresourceannotateduniondownloadablefilereadproductmediafilereadorganizationavatarfilereaddiscriminatormergejsonschema.md
  - docs/models/downloadablefilereadservice.md
  - docs/models/downloadablefileread.md
  - docs/models/organizationavatarfilereadservice.md
  - docs/models/organizationavatarfileread.md
  - docs/models/fileupload.md
  - docs/models/s3fileuploadmultipart.md
  - docs/models/s3fileuploadpart.md
  - docs/models/filescreatesecurity.md
  - docs/models/filescreatefilecreate.md
  - docs/models/downloadablefilecreateservice.md
  - docs/models/downloadablefilecreate.md
  - docs/models/s3filecreatemultipart.md
  - docs/models/s3filecreatepart.md
  - docs/models/productmediafilecreateservice.md
  - docs/models/productmediafilecreate.md
  - docs/models/organizationavatarfilecreateservice.md
  - docs/models/organizationavatarfilecreate.md
  - docs/models/filesuploadedsecurity.md
  - docs/models/filesuploadedrequest.md
  - docs/models/filesuploadedresponsefilesuploaded.md
  - docs/models/fileuploadcompleted.md
  - docs/models/s3fileuploadcompletedpart.md
  - docs/models/filenotfoundtype.md
  - docs/models/filenotfound.md
  - docs/models/filesdeletesecurity.md
  - docs/models/filesdeleterequest.md
  - docs/models/filesupdatesecurity.md
  - docs/models/filesupdaterequest.md
  - docs/models/filesupdateresponsefilesupdate.md
  - docs/models/filepatch.md
  - docs/models/metricsresponse.md
  - docs/models/metrics.md
  - docs/models/metric.md
  - docs/models/metrictype.md
  - docs/models/metricperiod.md
  - docs/models/metricsgetsecurity.md
  - docs/models/interval.md
  - docs/models/metricsgetqueryparamorganizationidfilter.md
  - docs/models/metricsgetqueryparamproductidfilter.md
  - docs/models/metricsgetqueryparamproductpricetypefilter.md
  - docs/models/metricsgetrequest.md
  - docs/models/metricslimits.md
  - docs/models/metricsintervalslimits.md
  - docs/models/metricsintervallimit.md
  - docs/models/metricslimitssecurity.md
  - docs/models/security.md
  - docs/models/webhookordercreatedpayloadtype.md
  - docs/models/webhookordercreatedpayload.md
  - docs/models/orderinput.md
  - docs/models/productpriceinput.md
  - docs/models/webhooksubscriptioncreatedpayloadtype.md
  - docs/models/webhooksubscriptioncreatedpayload.md
  - docs/models/subscriptioninput.md
  - docs/models/productinputbenefits.md
  - docs/models/productinput.md
  - docs/models/productmediafilereadinputservice.md
  - docs/models/productmediafilereadinput.md
  - docs/models/webhooksubscriptionupdatedpayloadtype.md
  - docs/models/webhooksubscriptionupdatedpayload.md
  - docs/models/webhookproductcreatedpayloadtype.md
  - docs/models/webhookproductcreatedpayload.md
  - docs/models/webhookproductupdatedpayloadtype.md
  - docs/models/webhookproductupdatedpayload.md
  - docs/models/webhookpledgecreatedpayloadtype.md
  - docs/models/webhookpledgecreatedpayload.md
  - docs/models/pledgeinput.md
  - docs/models/pledger.md
  - docs/models/issueinput.md
  - docs/models/repositoryinput.md
  - docs/models/funding.md
  - docs/models/currencyamount.md
  - docs/models/state.md
  - docs/models/reactions.md
  - docs/models/assignee.md
  - docs/models/author.md
  - docs/models/label.md
  - docs/models/pledgetype.md
  - docs/models/pledgestate.md
  - docs/models/webhookpledgeupdatedpayloadtype.md
  - docs/models/webhookpledgeupdatedpayload.md
  - docs/models/webhookdonationcreatedpayloadtype.md
  - docs/models/webhookdonationcreatedpayload.md
  - docs/models/donor.md
  - docs/models/donationinput.md
  - docs/models/donationorganization.md
  - docs/models/donationuser.md
  - docs/models/webhookorganizationupdatedpayloadtype.md
  - docs/models/webhookorganizationupdatedpayload.md
  - docs/models/organizationinput.md
  - docs/models/webhookbenefitcreatedpayloadtype.md
  - docs/models/data.md
  - docs/models/webhookbenefitcreatedpayload.md
  - docs/models/benefitdiscordinputtype.md
  - docs/models/benefitdiscordinput.md
  - docs/models/benefitdiscordpropertiesinput.md
  - docs/models/webhookbenefitupdatedpayloadtype.md
  - docs/models/webhookbenefitupdatedpayloaddata.md
  - docs/models/webhookbenefitupdatedpayload.md
  - docs/sdks/polar/README.md
  - docs/sdks/users/README.md
  - docs/models/utils/retryconfig.md
  - docs/sdks/polarbenefits/README.md
  - docs/sdks/polarorders/README.md
  - docs/sdks/polarsubscriptions/README.md
  - docs/sdks/polaradvertisements/README.md
  - docs/sdks/downloadables/README.md
  - docs/sdks/externalorganizations/README.md
  - docs/sdks/repositories/README.md
  - docs/sdks/organizations/README.md
  - docs/sdks/subscriptions/README.md
  - docs/sdks/articles/README.md
  - docs/sdks/advertisements/README.md
  - docs/sdks/oauth2/README.md
  - docs/sdks/clients/README.md
  - docs/sdks/benefits/README.md
  - docs/sdks/products/README.md
  - docs/sdks/orders/README.md
  - docs/sdks/checkouts/README.md
  - docs/sdks/files/README.md
  - docs/sdks/metricssdk/README.md
  - USAGE.md
  - .gitattributes
  - .devcontainer/README.md
  - .devcontainer/devcontainer.json
  - .devcontainer/setup.sh
  - src/polar_sh/_hooks/sdkhooks.py
  - src/polar_sh/_hooks/types.py
  - src/polar_sh/_hooks/__init__.py
  - CONTRIBUTING.md
