speakeasyVersion: 1.648.0
sources:
    Polar-OAS:
        sourceNamespace: polar-oas
        sourceRevisionDigest: sha256:9de956700748d4ba74ceab55071b988d29ff7e364d0b08547c4d2dd9da6a5c59
        sourceBlobDigest: sha256:489987e5f6a3eec64ceed3ce48910664ac321fd652ba273a30a585b6cc27eee9
        tags:
            - latest
            - speakeasy-sdk-regen-1772756675
            - 0.1.0
targets:
    polar:
        source: Polar-OAS
        sourceNamespace: polar-oas
        sourceRevisionDigest: sha256:9de956700748d4ba74ceab55071b988d29ff7e364d0b08547c4d2dd9da6a5c59
        sourceBlobDigest: sha256:489987e5f6a3eec64ceed3ce48910664ac321fd652ba273a30a585b6cc27eee9
        codeSamplesNamespace: polar-oas-py-code-samples
        codeSamplesRevisionDigest: sha256:095bb2040067efcbeb7e8a31d6492c882ef0f308671348f4c0d76e108ecdaded
workflow:
    workflowVersion: 1.0.0
    speakeasyVersion: latest
    sources:
        Polar-OAS:
            inputs:
                - location: https://api.polar.sh/openapi.json
            overlays:
                - location: https://raw.githubusercontent.com/polarsource/polar/main/sdk/overlays/security.yml
                - location: https://raw.githubusercontent.com/polarsource/polar/main/sdk/overlays/type_parameter.yml
                - location: https://raw.githubusercontent.com/polarsource/polar/main/sdk/overlays/read_only.yml
                - location: https://raw.githubusercontent.com/polarsource/polar/main/sdk/overlays/event_discriminator.yml
                - location: https://raw.githubusercontent.com/polarsource/polar/main/sdk/overlays/timezone_enum.yml
                - location: https://raw.githubusercontent.com/polarsource/polar/main/sdk/overlays/event_metadata.yml
            registry:
                location: registry.speakeasyapi.dev/polar/polar/polar-oas
    targets:
        polar:
            target: python
            source: Polar-OAS
            publish:
                pypi:
                    token: $pypi_token
            codeSamples:
                output: codeSamples.yaml
                registry:
                    location: registry.speakeasyapi.dev/polar/polar/polar-oas-py-code-samples
                labelOverride:
                    fixedValue: Python (SDK)
