speakeasyVersion: 1.648.0
sources:
    Polar-OAS:
        sourceNamespace: polar-oas
        sourceRevisionDigest: sha256:a4d15d23310aa36bc88911c219a8fad303f674c9067c7b246adb7ba0e9d596a8
        sourceBlobDigest: sha256:4c6191c850f793a2a5cd2ec2cb8af7e7102102f72010daad43c185d406fe0a9b
        tags:
            - latest
            - speakeasy-sdk-regen-1779324054
            - 0.1.0
targets:
    polar:
        source: Polar-OAS
        sourceNamespace: polar-oas
        sourceRevisionDigest: sha256:a4d15d23310aa36bc88911c219a8fad303f674c9067c7b246adb7ba0e9d596a8
        sourceBlobDigest: sha256:4c6191c850f793a2a5cd2ec2cb8af7e7102102f72010daad43c185d406fe0a9b
        codeSamplesNamespace: polar-oas-py-code-samples
        codeSamplesRevisionDigest: sha256:47319d137669029b7a2c21047f3b1de02f00f22e08ce2a02a57ba3d26b23458a
workflow:
    workflowVersion: 1.0.0
    speakeasyVersion: latest
    sources:
        Polar-OAS:
            inputs:
                - location: https://api.polar.sh/openapi.json
            overlays:
                - location: https://raw.githubusercontent.com/polarsource/polar/main/sdk/overlays/security.yml
                - location: https://raw.githubusercontent.com/polarsource/polar/main/sdk/overlays/type_parameter.yml
                - location: https://raw.githubusercontent.com/polarsource/polar/main/sdk/overlays/read_only.yml
                - location: https://raw.githubusercontent.com/polarsource/polar/main/sdk/overlays/event_discriminator.yml
                - location: https://raw.githubusercontent.com/polarsource/polar/main/sdk/overlays/timezone_enum.yml
                - location: https://raw.githubusercontent.com/polarsource/polar/main/sdk/overlays/event_metadata.yml
            registry:
                location: registry.speakeasyapi.dev/polar/polar/polar-oas
    targets:
        polar:
            target: python
            source: Polar-OAS
            publish:
                pypi:
                    token: $pypi_token
            codeSamples:
                output: codeSamples.yaml
                registry:
                    location: registry.speakeasyapi.dev/polar/polar/polar-oas-py-code-samples
                labelOverride:
                    fixedValue: Python (SDK)
